
Microsoft Visual Studio Solution File, Format Version 12.00
# Visual Studio Version 17
VisualStudioVersion = 17.5.002.0
MinimumVisualStudioVersion = 10.0.40219.1
Project("{9A19103F-16F7-4668-BE54-9A1E7A4F7556}") = "LHPet2", "LHPet2.csproj", "{05AD89E8-29CF-42BF-88A7-B984EA0B7463}"
EndProject
Global
	GlobalSection(SolutionConfigurationPlatforms) = preSolution
		Debug|Any CPU = Debug|Any CPU
		Release|Any CPU = Release|Any CPU
	EndGlobalSection
	GlobalSection(ProjectConfigurationPlatforms) = postSolution
		{05AD89E8-29CF-42BF-88A7-B984EA0B7463}.Debug|Any CPU.ActiveCfg = Debug|Any CPU
		{05AD89E8-29CF-42BF-88A7-B984EA0B7463}.Debug|Any CPU.Build.0 = Debug|Any CPU
		{05AD89E8-29CF-42BF-88A7-B984EA0B7463}.Release|Any CPU.ActiveCfg = Release|Any CPU
		{05AD89E8-29CF-42BF-88A7-B984EA0B7463}.Release|Any CPU.Build.0 = Release|Any CPU
	EndGlobalSection
	GlobalSection(SolutionProperties) = preSolution
		HideSolutionNode = FALSE
	EndGlobalSection
	GlobalSection(ExtensibilityGlobals) = postSolution
		SolutionGuid = {8325A226-2DF3-4BD1-81FD-12991A248504}
	EndGlobalSection
EndGlobal
